
Microsoft Visual Studio Solution File, Format Version 12.00
# Visual Studio 15
VisualStudioVersion = 15.0.28307.705
MinimumVisualStudioVersion = 10.0.40219.1
Project("{FAE04EC0-301F-11D3-BF4B-00C04F79EFBC}") = "COMP123-S2019-Lab10-301049781", "COMP123-S2019-Lab10-301049781\COMP123-S2019-Lab10-301049781.csproj", "{B203EE22-711E-4F35-A57F-973274FD9CBC}"
EndProject
Global
	GlobalSection(SolutionConfigurationPlatforms) = preSolution
		Debug|Any CPU = Debug|Any CPU
		Release|Any CPU = Release|Any CPU
	EndGlobalSection
	GlobalSection(ProjectConfigurationPlatforms) = postSolution
		{B203EE22-711E-4F35-A57F-973274FD9CBC}.Debug|Any CPU.ActiveCfg = Debug|Any CPU
		{B203EE22-711E-4F35-A57F-973274FD9CBC}.Debug|Any CPU.Build.0 = Debug|Any CPU
		{B203EE22-711E-4F35-A57F-973274FD9CBC}.Release|Any CPU.ActiveCfg = Release|Any CPU
		{B203EE22-711E-4F35-A57F-973274FD9CBC}.Release|Any CPU.Build.0 = Release|Any CPU
	EndGlobalSection
	GlobalSection(SolutionProperties) = preSolution
		HideSolutionNode = FALSE
	EndGlobalSection
	GlobalSection(ExtensibilityGlobals) = postSolution
		SolutionGuid = {4F0F4A02-C54D-49AA-A7F6-F3CAA4F5594E}
	EndGlobalSection
EndGlobal
